{
  "name": "digital-footprint-optimizer",
  "version": "1.0.0",
  "lockfileVersion": 3,
  "requires": true,
  "packages": {
    "": {
      "name": "digital-footprint-optimizer",
      "version": "1.0.0",
      "license": "ISC",
      "dependencies": {
        "@tgwf/co2": "^0.16.7"
      }
    },
    "node_modules/@tgwf/co2": {
      "version": "0.16.7",
      "resolved": "https://registry.npmjs.org/@tgwf/co2/-/co2-0.16.7.tgz",
      "integrity": "sha512-oSvW858LoCuSUJhVLgwmjyR+VRWhkFMHjD9fcArfZ6bS4Hq2CZXjbcl9KghezrEqeHBF3iyj8ENQibuDgfTTOA==",
      "license": "Apache-2.0",
      "engines": {
        "node": ">=14.0.0"
      }
    }
  }
}
